
Microsoft Visual Studio Solution File, Format Version 12.00
# Visual Studio Version 17
VisualStudioVersion = 17.9.34714.143
MinimumVisualStudioVersion = 10.0.40219.1
Project("{2150E333-8FDC-42A3-9474-1A3956D46DE8}") = "BookingService", "BookingService", "{A33F39D6-A80C-4C26-82C2-AAFFA48AC389}"
EndProject
Project("{2150E333-8FDC-42A3-9474-1A3956D46DE8}") = "Adapters", "Adapters", "{83F73A08-1531-4E11-9EAB-AC82D96E3D29}"
EndProject
Project("{2150E333-8FDC-42A3-9474-1A3956D46DE8}") = "Consumers", "Consumers", "{BE156F66-F505-4D72-A7FA-35D6E6A03EBB}"
EndProject
Project("{2150E333-8FDC-42A3-9474-1A3956D46DE8}") = "PaymentService", "PaymentService", "{5A60F07E-91FC-4307-A0D5-DF44167E3AE5}"
EndProject
Project("{2150E333-8FDC-42A3-9474-1A3956D46DE8}") = "Core", "Core", "{9AD0D1EA-DA82-4B1F-A352-5E54B99C6A85}"
EndProject
Project("{2150E333-8FDC-42A3-9474-1A3956D46DE8}") = "Tests", "Tests", "{A7C2C367-BC1F-4A93-803C-38A0C67CF303}"
EndProject
Project("{2150E333-8FDC-42A3-9474-1A3956D46DE8}") = "Application", "Application", "{C26DFB4D-08CD-4C51-9A7D-27467167D8A0}"
EndProject
Project("{2150E333-8FDC-42A3-9474-1A3956D46DE8}") = "Domain", "Domain", "{F302E229-018F-41B6-AE35-2FC561E02B7E}"
EndProject
Project("{9A19103F-16F7-4668-BE54-9A1E7A4F7556}") = "Domain", "BookingService\Core\Domain\Domain.csproj", "{9EF840A3-CDCE-4D66-AB14-79751686E8B8}"
EndProject
Project("{9A19103F-16F7-4668-BE54-9A1E7A4F7556}") = "Application", "BookingService\Core\Application\Application.csproj", "{E3915A04-E83A-4167-AAEE-B640A5EA3DD1}"
EndProject
Project("{9A19103F-16F7-4668-BE54-9A1E7A4F7556}") = "API", "BookingService\Consumers\API\API.csproj", "{1FD6DE8B-94E9-4EDB-A348-8DE3F3B3CCBD}"
EndProject
Project("{9A19103F-16F7-4668-BE54-9A1E7A4F7556}") = "Data", "BookingService\Adapters\Data\Data.csproj", "{DC73DF06-88D1-45E4-A83C-C8539DDD86FA}"
EndProject
Project("{2150E333-8FDC-42A3-9474-1A3956D46DE8}") = "Core", "Core", "{9AF59F41-3B2C-4874-B062-A65762DD6395}"
EndProject
Project("{2150E333-8FDC-42A3-9474-1A3956D46DE8}") = "Application", "Application", "{C44D983B-AC10-4EBB-B64E-7BAE9E74B073}"
EndProject
Project("{9A19103F-16F7-4668-BE54-9A1E7A4F7556}") = "Payments.Application", "PaymentService\Payments.Application\Payments.Application.csproj", "{5FE3F245-83DE-49FA-9707-C7849D0B0AD5}"
EndProject
Project("{2150E333-8FDC-42A3-9474-1A3956D46DE8}") = "Adapters", "Adapters", "{B8400F3B-38C9-4F72-A9BD-3603F3950D0E}"
EndProject
Project("{2150E333-8FDC-42A3-9474-1A3956D46DE8}") = "Application", "Application", "{BF01DC48-ADA3-4039-ACEA-25C3926656D9}"
EndProject
Project("{2150E333-8FDC-42A3-9474-1A3956D46DE8}") = "Domain", "Domain", "{43AEEF16-BA95-4271-8C67-359CD6B29A8A}"
EndProject
Project("{9A19103F-16F7-4668-BE54-9A1E7A4F7556}") = "AdaptersTests", "BookingService\Tests\AdaptersTests\AdaptersTests.csproj", "{1A48A9A0-48FD-4FD5-89D8-64D6629F03B8}"
EndProject
Project("{9A19103F-16F7-4668-BE54-9A1E7A4F7556}") = "ApplicationTests", "BookingService\Tests\ApplicationTests\ApplicationTests.csproj", "{794E7679-1414-4A93-9046-8D50F6BE04FC}"
EndProject
Project("{9A19103F-16F7-4668-BE54-9A1E7A4F7556}") = "DomainTests", "BookingService\Tests\Domain\DomainTests\DomainTests.csproj", "{294FA24E-BABE-4F70-BF2C-BECB8D71C5CD}"
EndProject
Project("{9A19103F-16F7-4668-BE54-9A1E7A4F7556}") = "Shared", "BookingService\Core\Shared\Shared.csproj", "{CA8AF7F8-8A52-4BD2-AB7F-6AED23894D4F}"
EndProject
Project("{FAE04EC0-301F-11D3-BF4B-00C04F79EFBC}") = "ApplicationTest", "ApplicationTest\ApplicationTest.csproj", "{E8D717F6-C504-44E0-9115-69D42395795F}"
EndProject
Global
	GlobalSection(SolutionConfigurationPlatforms) = preSolution
		Debug|Any CPU = Debug|Any CPU
		Release|Any CPU = Release|Any CPU
	EndGlobalSection
	GlobalSection(ProjectConfigurationPlatforms) = postSolution
		{9EF840A3-CDCE-4D66-AB14-79751686E8B8}.Debug|Any CPU.ActiveCfg = Debug|Any CPU
		{9EF840A3-CDCE-4D66-AB14-79751686E8B8}.Debug|Any CPU.Build.0 = Debug|Any CPU
		{9EF840A3-CDCE-4D66-AB14-79751686E8B8}.Release|Any CPU.ActiveCfg = Release|Any CPU
		{9EF840A3-CDCE-4D66-AB14-79751686E8B8}.Release|Any CPU.Build.0 = Release|Any CPU
		{E3915A04-E83A-4167-AAEE-B640A5EA3DD1}.Debug|Any CPU.ActiveCfg = Debug|Any CPU
		{E3915A04-E83A-4167-AAEE-B640A5EA3DD1}.Debug|Any CPU.Build.0 = Debug|Any CPU
		{E3915A04-E83A-4167-AAEE-B640A5EA3DD1}.Release|Any CPU.ActiveCfg = Release|Any CPU
		{E3915A04-E83A-4167-AAEE-B640A5EA3DD1}.Release|Any CPU.Build.0 = Release|Any CPU
		{1FD6DE8B-94E9-4EDB-A348-8DE3F3B3CCBD}.Debug|Any CPU.ActiveCfg = Debug|Any CPU
		{1FD6DE8B-94E9-4EDB-A348-8DE3F3B3CCBD}.Debug|Any CPU.Build.0 = Debug|Any CPU
		{1FD6DE8B-94E9-4EDB-A348-8DE3F3B3CCBD}.Release|Any CPU.ActiveCfg = Release|Any CPU
		{1FD6DE8B-94E9-4EDB-A348-8DE3F3B3CCBD}.Release|Any CPU.Build.0 = Release|Any CPU
		{DC73DF06-88D1-45E4-A83C-C8539DDD86FA}.Debug|Any CPU.ActiveCfg = Debug|Any CPU
		{DC73DF06-88D1-45E4-A83C-C8539DDD86FA}.Debug|Any CPU.Build.0 = Debug|Any CPU
		{DC73DF06-88D1-45E4-A83C-C8539DDD86FA}.Release|Any CPU.ActiveCfg = Release|Any CPU
		{DC73DF06-88D1-45E4-A83C-C8539DDD86FA}.Release|Any CPU.Build.0 = Release|Any CPU
		{5FE3F245-83DE-49FA-9707-C7849D0B0AD5}.Debug|Any CPU.ActiveCfg = Debug|Any CPU
		{5FE3F245-83DE-49FA-9707-C7849D0B0AD5}.Debug|Any CPU.Build.0 = Debug|Any CPU
		{5FE3F245-83DE-49FA-9707-C7849D0B0AD5}.Release|Any CPU.ActiveCfg = Release|Any CPU
		{5FE3F245-83DE-49FA-9707-C7849D0B0AD5}.Release|Any CPU.Build.0 = Release|Any CPU
		{1A48A9A0-48FD-4FD5-89D8-64D6629F03B8}.Debug|Any CPU.ActiveCfg = Debug|Any CPU
		{1A48A9A0-48FD-4FD5-89D8-64D6629F03B8}.Debug|Any CPU.Build.0 = Debug|Any CPU
		{1A48A9A0-48FD-4FD5-89D8-64D6629F03B8}.Release|Any CPU.ActiveCfg = Release|Any CPU
		{1A48A9A0-48FD-4FD5-89D8-64D6629F03B8}.Release|Any CPU.Build.0 = Release|Any CPU
		{794E7679-1414-4A93-9046-8D50F6BE04FC}.Debug|Any CPU.ActiveCfg = Debug|Any CPU
		{794E7679-1414-4A93-9046-8D50F6BE04FC}.Debug|Any CPU.Build.0 = Debug|Any CPU
		{794E7679-1414-4A93-9046-8D50F6BE04FC}.Release|Any CPU.ActiveCfg = Release|Any CPU
		{794E7679-1414-4A93-9046-8D50F6BE04FC}.Release|Any CPU.Build.0 = Release|Any CPU
		{294FA24E-BABE-4F70-BF2C-BECB8D71C5CD}.Debug|Any CPU.ActiveCfg = Debug|Any CPU
		{294FA24E-BABE-4F70-BF2C-BECB8D71C5CD}.Debug|Any CPU.Build.0 = Debug|Any CPU
		{294FA24E-BABE-4F70-BF2C-BECB8D71C5CD}.Release|Any CPU.ActiveCfg = Release|Any CPU
		{294FA24E-BABE-4F70-BF2C-BECB8D71C5CD}.Release|Any CPU.Build.0 = Release|Any CPU
		{CA8AF7F8-8A52-4BD2-AB7F-6AED23894D4F}.Debug|Any CPU.ActiveCfg = Debug|Any CPU
		{CA8AF7F8-8A52-4BD2-AB7F-6AED23894D4F}.Debug|Any CPU.Build.0 = Debug|Any CPU
		{CA8AF7F8-8A52-4BD2-AB7F-6AED23894D4F}.Release|Any CPU.ActiveCfg = Release|Any CPU
		{CA8AF7F8-8A52-4BD2-AB7F-6AED23894D4F}.Release|Any CPU.Build.0 = Release|Any CPU
		{E8D717F6-C504-44E0-9115-69D42395795F}.Debug|Any CPU.ActiveCfg = Debug|Any CPU
		{E8D717F6-C504-44E0-9115-69D42395795F}.Debug|Any CPU.Build.0 = Debug|Any CPU
		{E8D717F6-C504-44E0-9115-69D42395795F}.Release|Any CPU.ActiveCfg = Release|Any CPU
		{E8D717F6-C504-44E0-9115-69D42395795F}.Release|Any CPU.Build.0 = Release|Any CPU
	EndGlobalSection
	GlobalSection(SolutionProperties) = preSolution
		HideSolutionNode = FALSE
	EndGlobalSection
	GlobalSection(NestedProjects) = preSolution
		{83F73A08-1531-4E11-9EAB-AC82D96E3D29} = {A33F39D6-A80C-4C26-82C2-AAFFA48AC389}
		{BE156F66-F505-4D72-A7FA-35D6E6A03EBB} = {A33F39D6-A80C-4C26-82C2-AAFFA48AC389}
		{9AD0D1EA-DA82-4B1F-A352-5E54B99C6A85} = {A33F39D6-A80C-4C26-82C2-AAFFA48AC389}
		{A7C2C367-BC1F-4A93-803C-38A0C67CF303} = {A33F39D6-A80C-4C26-82C2-AAFFA48AC389}
		{C26DFB4D-08CD-4C51-9A7D-27467167D8A0} = {9AD0D1EA-DA82-4B1F-A352-5E54B99C6A85}
		{F302E229-018F-41B6-AE35-2FC561E02B7E} = {9AD0D1EA-DA82-4B1F-A352-5E54B99C6A85}
		{9EF840A3-CDCE-4D66-AB14-79751686E8B8} = {F302E229-018F-41B6-AE35-2FC561E02B7E}
		{E3915A04-E83A-4167-AAEE-B640A5EA3DD1} = {C26DFB4D-08CD-4C51-9A7D-27467167D8A0}
		{1FD6DE8B-94E9-4EDB-A348-8DE3F3B3CCBD} = {BE156F66-F505-4D72-A7FA-35D6E6A03EBB}
		{DC73DF06-88D1-45E4-A83C-C8539DDD86FA} = {83F73A08-1531-4E11-9EAB-AC82D96E3D29}
		{9AF59F41-3B2C-4874-B062-A65762DD6395} = {5A60F07E-91FC-4307-A0D5-DF44167E3AE5}
		{C44D983B-AC10-4EBB-B64E-7BAE9E74B073} = {9AF59F41-3B2C-4874-B062-A65762DD6395}
		{5FE3F245-83DE-49FA-9707-C7849D0B0AD5} = {C44D983B-AC10-4EBB-B64E-7BAE9E74B073}
		{B8400F3B-38C9-4F72-A9BD-3603F3950D0E} = {A7C2C367-BC1F-4A93-803C-38A0C67CF303}
		{BF01DC48-ADA3-4039-ACEA-25C3926656D9} = {A7C2C367-BC1F-4A93-803C-38A0C67CF303}
		{43AEEF16-BA95-4271-8C67-359CD6B29A8A} = {A7C2C367-BC1F-4A93-803C-38A0C67CF303}
		{1A48A9A0-48FD-4FD5-89D8-64D6629F03B8} = {B8400F3B-38C9-4F72-A9BD-3603F3950D0E}
		{794E7679-1414-4A93-9046-8D50F6BE04FC} = {BF01DC48-ADA3-4039-ACEA-25C3926656D9}
		{294FA24E-BABE-4F70-BF2C-BECB8D71C5CD} = {43AEEF16-BA95-4271-8C67-359CD6B29A8A}
		{CA8AF7F8-8A52-4BD2-AB7F-6AED23894D4F} = {9AD0D1EA-DA82-4B1F-A352-5E54B99C6A85}
		{E8D717F6-C504-44E0-9115-69D42395795F} = {BF01DC48-ADA3-4039-ACEA-25C3926656D9}
	EndGlobalSection
	GlobalSection(ExtensibilityGlobals) = postSolution
		SolutionGuid = {D1B65E77-864B-45EA-92D7-5EEB658A46AF}
	EndGlobalSection
EndGlobal
